filippo.io/edwards25519 v1.1.0 h1:FNf4tywRC1HmFuKW5xopWpigGjJKiJSV0Cqo0cJWDaA=
filippo.io/edwards25519 v1.1.0/go.mod h1:BxyFTGdWcka3PhytdK4V28tE5sGfRvvvRV7EaN4VDT4=
github.com/davecgh/go-spew v1.1.1 h1:vj9j/u1bqnvCEfJOwUhtlOARqs3+rkHYY13jYWTU97c=
github.com/davecgh/go-spew v1.1.1/go.mod h1:J7Y8YcW2NihsgmVo/mv3lAwl/skON4iLHjSsI+c5H38=
github.com/go-logr/logr v1.4.2 h1:6pFjapn8bFcIbiKo3XT4j/BhANplGihG6tvd+8rYgrY=
github.com/go-logr/logr v1.4.2/go.mod h1:9T104GzyrTigFIr8wt5mBrctHMim0Nb2HLGrmQ40KvY=
github.com/go-sql-driver/mysql v1.9.1 h1:FrjNGn/BsJQjVRuSa8CBrM5BWA9BWoXXat3KrtSb/iI=
github.com/go-sql-driver/mysql v1.9.1/go.mod h1:qn46aNg1333BRMNU69Lq93t8du/dwxI64Gl8i5p1WMU=
github.com/go-task/slim-sprig/v3 v3.0.0 h1:sUs3vkvUymDpBKi3qH1YSqBQk9+9D/8M2mN1vB6EwHI=
github.com/go-task/slim-sprig/v3 v3.0.0/go.mod h1:W848ghGpv3Qj3dhTPRyJypKRiqCdHZiAzKg9hl15HA8=
github.com/google/go-cmp v0.6.0 h1:ofyhxvXcZhMsU5ulbFiLKl/XBFqE1GSq7atu8tAmTRI=
github.com/google/go-cmp v0.6.0/go.mod h1:17dUlkBOakJ0+DkrSSNjCkIjxS6bF9zb3elmeNGIjoY=
github.com/google/pprof v0.0.0-20241210010833-40e02aabc2ad h1:a6HEuzUHeKH6hwfN/ZoQgRgVIWFJljSWa/zetS2WTvg=
github.com/google/pprof v0.0.0-20241210010833-40e02aabc2ad/go.mod h1:vavhavw2zAxS5dIdcRluK6cSGGPlZynqzFM8NdvU144=
github.com/josharian/intern v1.0.0 h1:vlS4z54oSdjm0bgjRigI+G1HpF+tI+9rE5LLzOg8HmY=
github.com/josharian/intern v1.0.0/go.mod h1:5DoeVV0s6jJacbCEi61lwdGj/aVlrQvzHFFd8Hwg//Y=
github.com/kr/pretty v0.1.0 h1:L/CwN0zerZDmRFUapSPitk6f+Q3+0za1rQkzVuMiMFI=
github.com/kr/pretty v0.1.0/go.mod h1:dAy3ld7l9f0ibDNOQOHHMYYIIbhfbHSm3C4ZsoJORNo=
github.com/kr/text v0.2.0 h1:5Nx0Ya0ZqY2ygV366QzturHI13Jq95ApcVaJBhpS+AY=
github.com/kr/text v0.2.0/go.mod h1:eLer722TekiGuMkidMxC/pM04lWEeraHUUmBw8l2grE=
github.com/lib/pq v1.10.9 h1:YXG7RB+JIjhP29X+OtkiDnYaXQwpS4JEWq7dtCCRUEw=
github.com/lib/pq v1.10.9/go.mod h1:AlVN5x4E4T544tWzH6hKfbfQvm3HdbOxrmggDNAPY9o=
github.com/mailru/easyjson v0.9.0 h1:PrnmzHw7262yW8sTBwxi1PdJA3Iw/EKBa8psRf7d9a4=
github.com/mailru/easyjson v0.9.0/go.mod h1:1+xMtQp2MRNVL/V1bOzuP3aP8VNwRW55fQUto+XFtTU=
github.com/mattn/go-sqlite3 v1.14.24 h1:tpSp2G2KyMnnQu99ngJ47EIkWVmliIizyZBfPrBWDRM=
github.com/mattn/go-sqlite3 v1.14.24/go.mod h1:Uh1q+B4BYcTPb+yiD3kU8Ct7aC0hY9fxUwlHK0RXw+Y=
github.com/onsi/ginkgo/v2 v2.22.2 h1:/3X8Panh8/WwhU/3Ssa6rCKqPLuAkVY2I0RoyDLySlU=
github.com/onsi/ginkgo/v2 v2.22.2/go.mod h1:oeMosUL+8LtarXBHu/c0bx2D/K9zyQ6uX3cTyztHwsk=
github.com/onsi/gomega v1.36.2 h1:koNYke6TVk6ZmnyHrCXba/T/MoLBXFjeC1PtvYgw0A8=
github.com/onsi/gomega v1.36.2/go.mod h1:DdwyADRjrc825LhMEkD76cHR5+pUnjhUN8GlHlRPHzY=
github.com/pmezard/go-difflib v1.0.0 h1:4DBwDE0NGyQoBHbLQYPwSUPoCMWR5BEzIk/f1lZbAQM=
github.com/pmezard/go-difflib v1.0.0/go.mod h1:iKH77koFhYxTK1pcRnkKkqfTogsbg7gZNVY4sRDYZ/4=
github.com/prashantv/gostub v1.1.0 h1:BTyx3RfQjRHnUWaGF9oQos79AlQ5k8WNktv7VGvVH4g=
github.com/prashantv/gostub v1.1.0/go.mod h1:A5zLQHz7ieHGG7is6LLXLz7I8+3LZzsrV0P1IAHhP5U=
github.com/quic-go/quic-go v0.50.1 h1:unsgjFIUqW8a2oopkY7YNONpV1gYND6Nt9hnt1PN94Q=
github.com/quic-go/quic-go v0.50.1/go.mod h1:Vim6OmUvlYdwBhXP9ZVrtGmCMWa3wEqhq3NgYrI8b4E=
github.com/stretchr/testify v1.9.0 h1:HtqpIVDClZ4nwg75+f6Lvsy/wHu+3BoSGCbBAcpTsTg=
github.com/stretchr/testify v1.9.0/go.mod h1:r2ic/lqez/lEtzL7wO/rwa5dbSLXVDPFyf8C91i36aY=
go.osspkg.com/algorithms v1.5.0 h1:JGmZh+keG0c019K174KggmxeKQ8HzkqnZzYebjS/xi0=
go.osspkg.com/algorithms v1.5.0/go.mod h1:zgjWqmR5KQG/mJSrGLsPug75CzHRZHXj2Ri6UZv4xV8=
go.osspkg.com/casecheck v0.3.0 h1:x15blEszElbrHrEH5H02JIIhGIg/lGZzIt1kQlD3pwM=
go.osspkg.com/casecheck v0.3.0/go.mod h1:TRFXDMFJEOtnlp3ET2Hix3osbxwPWhvaiT/HfD3+gBA=
go.osspkg.com/config v0.1.3 h1:LAgTTYFzoIf4VNBIpFtjG81rR0/3SG29r+1D8I/YBzs=
go.osspkg.com/config v0.1.3/go.mod h1:MyqvXDgpHLZlO2SM/rqf1zogpUZiXvkZlc/Z+0L7alA=
go.osspkg.com/console v0.3.3 h1:UB/pPoPsgWbyNFix8pEMQHbsXdMv/UK/dgsbRknCH2A=
go.osspkg.com/console v0.3.3/go.mod h1:IknBCliH6mX/ogHa6wbycnGDFYixCGH3WuNc5W5tQe8=
go.osspkg.com/do v0.1.3 h1:oNXeWZOQUv73LQLawKxfAyN1wacTtRZQVlrkN8nj+sw=
go.osspkg.com/do v0.1.3/go.mod h1:hOQEum85f8Kc4m8PWUAECDQ/mTtQ4362ABLD+KW5/vk=
go.osspkg.com/errors v0.3.1 h1:F9m/EEd/Ot2jba/TV7tvVRIpWXzIpNLc7vRJKcBD86A=
go.osspkg.com/errors v0.3.1/go.mod h1:dKXe6Rt07nzY7OyKQNZ8HGBicZ2uQ5TKEoVFnVFOK44=
go.osspkg.com/events v0.3.0 h1:W2IngTsKs0BKYIglqhrETwtpo6uNSZXWRIt0/l7c6dY=
go.osspkg.com/events v0.3.0/go.mod h1:Cjpx+qNM1y2MIAygFyZWYagTuRiYirmKppZQdaZumd4=
go.osspkg.com/goppy/v2 v2.3.4 h1:or+ZHSwwVz1JLtuso/O6D5C2cSObWXoidouYMHiPeo8=
go.osspkg.com/goppy/v2 v2.3.4/go.mod h1:+w0JekzpB4icZFDPzOSVO05/UmVELqaMX7+ClP/kuaA=
go.osspkg.com/grape v1.2.3 h1:3umuC4AV8foY4rGz3xoUdtJ7iG8STTLjqSNZyDygc/o=
go.osspkg.com/grape v1.2.3/go.mod h1:lg0K0VqCQE1/o4c2xM4b/wL5ZKG2NkqqCCF16ZjEJSI=
go.osspkg.com/ioutils v0.5.1 h1:qzoOECBxChZUxmp6p72XvQRHjDFsVw1kJ2oaFZycNv8=
go.osspkg.com/ioutils v0.5.1/go.mod h1:XRASOo5GKzVaJMCXXZQ4//ymPWq90iyKm1qTQcBEsyo=
go.osspkg.com/logx v0.4.2 h1:3kqG7EaaT/DxpHytQm4MfcrmDhYf8ha9/iRpVjpRt88=
go.osspkg.com/logx v0.4.2/go.mod h1:mGbH9hdkeC0h9Gw1uWgQfi9MmlANcqNLffB0wxIDpsQ=
go.osspkg.com/network v0.6.0 h1:oR32uj7CMIhf/i5JNlA+TrqQEsLHteGnWYTt6pxcVsk=
go.osspkg.com/network v0.6.0/go.mod h1:/tVWT6n5uuTnBwdiTfc/Ej7ZBHrNvG3bGiVVd2Emrmk=
go.osspkg.com/routine v0.3.1 h1:R0o4P0Ml5eoeHc2DiHjRvHBo/XXrW5nJNqIj3ToRzjg=
go.osspkg.com/routine v0.3.1/go.mod h1:z5AvvTbB19/tt1E5JOb4POhK1tOPgmejajgao/IWn4s=
go.osspkg.com/syncing v0.3.1 h1:zt5o/X5DQ/GE5OQTKkq1nNWJMg7EcYhw0YiwMGuA0f8=
go.osspkg.com/syncing v0.3.1/go.mod h1:Dpe0ljlEG6cI2Y9PxEjKiYEX2sgs1eUjWNVjFu4/iB0=
go.osspkg.com/xc v0.4.0 h1:MGntRGa3EPCpfrTbWEN7x475BAsAtRYGpYEYJ5mE0I8=
go.osspkg.com/xc v0.4.0/go.mod h1:HWDrUQOKMkQser1teXqnFNMB1WVD0YsyIuM1vIKny7U=
go.uber.org/automaxprocs v1.6.0 h1:O3y2/QNTOdbF+e/dpXNNW7Rx2hZ4sTIPyybbxyNqTUs=
go.uber.org/automaxprocs v1.6.0/go.mod h1:ifeIMSnPZuznNm6jmdzmU3/bfk01Fe2fotchwEFJ8r8=
go.uber.org/mock v0.5.0 h1:KAMbZvZPyBPWgD14IrIQ38QCyjwpvVVV6K/bHl1IwQU=
go.uber.org/mock v0.5.0/go.mod h1:ge71pBPLYDk7QIi1LupWxdAykm7KIEFchiOqd6z7qMM=
golang.org/x/crypto v0.33.0 h1:IOBPskki6Lysi0lo9qQvbxiQ+FvsCC/YWOecCHAixus=
golang.org/x/crypto v0.33.0/go.mod h1:bVdXmD7IV/4GdElGPozy6U7lWdRXA4qyRVGJV57uQ5M=
golang.org/x/exp v0.0.0-20250106191152-7588d65b2ba8 h1:yqrTHse8TCMW1M1ZCP+VAR/l0kKxwaAIqN/il7x4voA=
golang.org/x/exp v0.0.0-20250106191152-7588d65b2ba8/go.mod h1:tujkw807nyEEAamNbDrEGzRav+ilXA7PCRAd6xsmwiU=
golang.org/x/mod v0.24.0 h1:ZfthKaKaT4NrhGVZHO1/WDTwGES4De8KtWO0SIbNJMU=
golang.org/x/mod v0.24.0/go.mod h1:IXM97Txy2VM4PJ3gI61r1YEk/gAj6zAHN3AdZt6S9Ww=
golang.org/x/net v0.35.0 h1:T5GQRQb2y08kTAByq9L4/bz8cipCdA8FbRTXewonqY8=
golang.org/x/net v0.35.0/go.mod h1:EglIi67kWsHKlRzzVMUD93VMSWGFOMSZgxFjparz1Qk=
golang.org/x/sync v0.11.0 h1:GGz8+XQP4FvTTrjZPzNKTMFtSXH80RAzG+5ghFPgK9w=
golang.org/x/sync v0.11.0/go.mod h1:Czt+wKu1gCyEFDUtn0jG5QVvpJ6rzVqr5aXyt9drQfk=
golang.org/x/sys v0.31.0 h1:ioabZlmFYtWhL+TRYpcnNlLwhyxaM9kWTDEmfnprqik=
golang.org/x/sys v0.31.0/go.mod h1:BJP2sWEmIv4KK5OTEluFJCKSidICx8ciO85XgH3Ak8k=
golang.org/x/text v0.22.0 h1:bofq7m3/HAFvbF51jz3Q9wLg3jkvSPuiZu/pD1XwgtM=
golang.org/x/text v0.22.0/go.mod h1:YRoo4H8PVmsu+E3Ou7cqLVH8oXWIHVoX0jqUWALQhfY=
golang.org/x/time v0.5.0 h1:o7cqy6amK/52YcAKIPlM3a+Fpj35zvRj2TP+e1xFSfk=
golang.org/x/time v0.5.0/go.mod h1:3BpzKBy/shNhVucY/MWOyx10tF3SFh9QdLuxbVysPQM=
golang.org/x/tools v0.30.0 h1:BgcpHewrV5AUp2G9MebG4XPFI1E2W41zU1SaqVA9vJY=
golang.org/x/tools v0.30.0/go.mod h1:c347cR/OJfw5TI+GfX7RUPNMdDRRbjvYTS0jPyvsVtY=
google.golang.org/protobuf v1.36.5 h1:tPhr+woSbjfYvY6/GPufUoYizxw1cF/yFoxJ2fmpwlM=
google.golang.org/protobuf v1.36.5/go.mod h1:9fA7Ob0pmnwhb644+1+CVWFRbNajQ6iRojtC/QF5bRE=
gopkg.in/check.v1 v0.0.0-20161208181325-20d25e280405/go.mod h1:Co6ibVJAznAaIkqp8huTwlJQCZ016jof/cbN4VW5Yz0=
gopkg.in/check.v1 v1.0.0-20180628173108-788fd7840127 h1:qIbj1fsPNlZgppZ+VLlY7N33q108Sa+fhmuc+sWQYwY=
gopkg.in/check.v1 v1.0.0-20180628173108-788fd7840127/go.mod h1:Co6ibVJAznAaIkqp8huTwlJQCZ016jof/cbN4VW5Yz0=
gopkg.in/yaml.v3 v3.0.1 h1:fxVm/GzAzEWqLHuvctI91KS9hhNmmWOoWu0XTYJS7CA=
gopkg.in/yaml.v3 v3.0.1/go.mod h1:K4uyk7z7BCEPqu6E+C64Yfv1cQ7kz7rIZviUmN+EgEM=
